PODS:
  - Flutter (1.0.0)
  - flutter_inappwebview_ios (0.0.1):
    - Flutter
    - flutter_inappwebview_ios/Core (= 0.0.1)
    - OrderedSet (~> 5.0)
  - flutter_inappwebview_ios/Core (0.0.1):
    - Flutter
    - OrderedSet (~> 5.0)
  - flutter_keyboard_visibility (0.0.1):
    - Flutter
  - flutter_native_splash (0.0.1):
    - Flutter
  - local_auth_ios (0.0.1):
    - Flutter
  - MTBBarcodeScanner (5.0.11)
  - nekoton_flutter (0.0.2):
    - Flutter
  - OrderedSet (5.0.0)
  - package_info_plus (0.4.5):
    - Flutter
  - path_provider_ios (0.0.1):
    - Flutter
  - permission_handler_apple (9.0.4):
    - Flutter
  - qr_code_scanner (0.2.0):
    - Flutter
    - MTBBarcodeScanner
  - share_plus (0.0.1):
    - Flutter
  - sqlite3 (3.39.4):
    - sqlite3/common (= 3.39.4)
  - sqlite3/common (3.39.4)
  - sqlite3/fts5 (3.39.4):
    - sqlite3/common
  - sqlite3/perf-threadsafe (3.39.4):
    - sqlite3/common
  - sqlite3/rtree (3.39.4):
    - sqlite3/common
  - sqlite3_flutter_libs (0.0.1):
    - Flutter
    - sqlite3 (~> 3.39.4)
    - sqlite3/fts5
    - sqlite3/perf-threadsafe
    - sqlite3/rtree
  - url_launcher_ios (0.0.1):
    - Flutter

DEPENDENCIES:
  - Flutter (from `Flutter`)
  - flutter_inappwebview_ios (from `.symlinks/plugins/flutter_inappwebview_ios/ios`)
  - flutter_keyboard_visibility (from `.symlinks/plugins/flutter_keyboard_visibility/ios`)
  - flutter_native_splash (from `.symlinks/plugins/flutter_native_splash/ios`)
  - local_auth_ios (from `.symlinks/plugins/local_auth_ios/ios`)
  - nekoton_flutter (from `.symlinks/plugins/nekoton_flutter/ios`)
  - package_info_plus (from `.symlinks/plugins/package_info_plus/ios`)
  - path_provider_ios (from `.symlinks/plugins/path_provider_ios/ios`)
  - permission_handler_apple (from `.symlinks/plugins/permission_handler_apple/ios`)
  - qr_code_scanner (from `.symlinks/plugins/qr_code_scanner/ios`)
  - share_plus (from `.symlinks/plugins/share_plus/ios`)
  - sqlite3_flutter_libs (from `.symlinks/plugins/sqlite3_flutter_libs/ios`)
  - url_launcher_ios (from `.symlinks/plugins/url_launcher_ios/ios`)

SPEC REPOS:
  trunk:
    - MTBBarcodeScanner
    - OrderedSet
    - sqlite3

EXTERNAL SOURCES:
  Flutter:
    :path: Flutter
  flutter_inappwebview_ios:
    :path: ".symlinks/plugins/flutter_inappwebview_ios/ios"
  flutter_keyboard_visibility:
    :path: ".symlinks/plugins/flutter_keyboard_visibility/ios"
  flutter_native_splash:
    :path: ".symlinks/plugins/flutter_native_splash/ios"
  local_auth_ios:
    :path: ".symlinks/plugins/local_auth_ios/ios"
  nekoton_flutter:
    :path: ".symlinks/plugins/nekoton_flutter/ios"
  package_info_plus:
    :path: ".symlinks/plugins/package_info_plus/ios"
  path_provider_ios:
    :path: ".symlinks/plugins/path_provider_ios/ios"
  permission_handler_apple:
    :path: ".symlinks/plugins/permission_handler_apple/ios"
  qr_code_scanner:
    :path: ".symlinks/plugins/qr_code_scanner/ios"
  share_plus:
    :path: ".symlinks/plugins/share_plus/ios"
  sqlite3_flutter_libs:
    :path: ".symlinks/plugins/sqlite3_flutter_libs/ios"
  url_launcher_ios:
    :path: ".symlinks/plugins/url_launcher_ios/ios"

SPEC CHECKSUMS:
  Flutter: f04841e97a9d0b0a8025694d0796dd46242b2854
  flutter_inappwebview_ios: 25b61a1b550d1068e4ddaf490fc1d03c2ce6828d
  flutter_keyboard_visibility: 4625131e43015dbbe759d9b20daaf77e0e3f6619
  flutter_native_splash: 9e672d3818957718ee006a491730c09deeecace9
  local_auth_ios: 9cc9ff07e1cb8d572fcc5caa225a8392f51dc714
  MTBBarcodeScanner: f453b33c4b7dfe545d8c6484ed744d55671788cb
  nekoton_flutter: 4cf1e4b6aeef45fccb352c69a5e841c597bb254c
  OrderedSet: aaeb196f7fef5a9edf55d89760da9176ad40b93c
  package_info_plus: ae4a63389b62b5be8544b36bfc5b069617938813
  path_provider_ios: 025d0bdaa9f9ab016700ac1e07ff63415cf638e9
  permission_handler_apple: 08f8206adee3b28ea33966c224b7228eabaaf6a9
  qr_code_scanner: d77f94ecc9abf96d9b9b8fc04ef13f611e5a147a
  share_plus: 4dfe6f47fc3248e89b3eea0be59a95d0433ebe1a
  sqlite3: 401936402fe5aa242c07f87fccfee5fc2b606f45
  sqlite3_flutter_libs: 46ffe2913602891a5fc67521545e7870bfa362d1
  url_launcher_ios: 2d16952b3a69ce3f0b2c7b12d38ba18ff5177fc0

PODFILE CHECKSUM: 28874c547c24781a74d8ad24df0c6e189da74b5b

COCOAPODS: 1.16.2
